// !$*UTF8*$!
{
	archiveVersion = 1;
	classes = {
	};
	objectVersion = 46;
	objects = {

/* Begin PBXBuildFile section */
		522CA96D1DD05DD30037D19B /* main.m in Sources */ = {isa = PBXBuildFile; fileRef = 522CA96C1DD05DD30037D19B /* main.m */; };
		522CA9701DD05DD30037D19B /* AppDelegate.m in Sources */ = {isa = PBXBuildFile; fileRef = 522CA96F1DD05DD30037D19B /* AppDelegate.m */; };
		522CA9731DD05DD30037D19B /* ViewController.m in Sources */ = {isa = PBXBuildFile; fileRef = 522CA9721DD05DD30037D19B /* ViewController.m */; };
		522CA9761DD05DD30037D19B /* Main.storyboard in Resources */ = {isa = PBXBuildFile; fileRef = 522CA9741DD05DD30037D19B /* Main.storyboard */; };
		522CA9781DD05DD30037D19B /* Assets.xcassets in Resources */ = {isa = PBXBuildFile; fileRef = 522CA9771DD05DD30037D19B /* Assets.xcassets */; };
		522CA97B1DD05DD30037D19B /* LaunchScreen.storyboard in Resources */ = {isa = PBXBuildFile; fileRef = 522CA9791DD05DD30037D19B /* LaunchScreen.storyboard */; };
		522CA9871DD05E360037D19B /* YSAlert.m in Sources */ = {isa = PBXBuildFile; fileRef = 522CA9841DD05E360037D19B /* YSAlert.m */; };
		522CA9881DD05E360037D19B /* YSBaseAlert.m in Sources */ = {isa = PBXBuildFile; fileRef = 522CA9861DD05E360037D19B /* YSBaseAlert.m */; };
		52FBC0171DD1A4A10003BBF7 /* MASCompositeConstraint.m in Sources */ = {isa = PBXBuildFile; fileRef = 52FBBFFF1DD1A4A10003BBF7 /* MASCompositeConstraint.m */; };
		52FBC0181DD1A4A10003BBF7 /* MASConstraint.m in Sources */ = {isa = PBXBuildFile; fileRef = 52FBC0021DD1A4A10003BBF7 /* MASConstraint.m */; };
		52FBC0191DD1A4A10003BBF7 /* MASConstraintMaker.m in Sources */ = {isa = PBXBuildFile; fileRef = 52FBC0041DD1A4A10003BBF7 /* MASConstraintMaker.m */; };
		52FBC01A1DD1A4A10003BBF7 /* MASLayoutConstraint.m in Sources */ = {isa = PBXBuildFile; fileRef = 52FBC0061DD1A4A10003BBF7 /* MASLayoutConstraint.m */; };
		52FBC01B1DD1A4A10003BBF7 /* MASViewAttribute.m in Sources */ = {isa = PBXBuildFile; fileRef = 52FBC00A1DD1A4A10003BBF7 /* MASViewAttribute.m */; };
		52FBC01C1DD1A4A10003BBF7 /* MASViewConstraint.m in Sources */ = {isa = PBXBuildFile; fileRef = 52FBC00C1DD1A4A10003BBF7 /* MASViewConstraint.m */; };
		52FBC01D1DD1A4A10003BBF7 /* NSArray+MASAdditions.m in Sources */ = {isa = PBXBuildFile; fileRef = 52FBC00E1DD1A4A10003BBF7 /* NSArray+MASAdditions.m */; };
		52FBC01E1DD1A4A10003BBF7 /* NSLayoutConstraint+MASDebugAdditions.m in Sources */ = {isa = PBXBuildFile; fileRef = 52FBC0111DD1A4A10003BBF7 /* NSLayoutConstraint+MASDebugAdditions.m */; };
		52FBC01F1DD1A4A10003BBF7 /* View+MASAdditions.m in Sources */ = {isa = PBXBuildFile; fileRef = 52FBC0131DD1A4A10003BBF7 /* View+MASAdditions.m */; };
		52FBC0201DD1A4A10003BBF7 /* ViewController+MASAdditions.m in Sources */ = {isa = PBXBuildFile; fileRef = 52FBC0161DD1A4A10003BBF7 /* ViewController+MASAdditions.m */; };
/* End PBXBuildFile section */

/* Begin PBXFileReference section */
		522CA9681DD05DD20037D19B /* YSBaseAlertDemo.app */ = {isa = PBXFileReference; explicitFileType = wrapper.application; includeInIndex = 0; path = YSBaseAlertDemo.app; sourceTree = BUILT_PRODUCTS_DIR; };
		522CA96C1DD05DD30037D19B /* main.m */ = {isa = PBXFileReference; lastKnownFileType = sourcecode.c.objc; path = main.m; sourceTree = "<group>"; };
		522CA96E1DD05DD30037D19B /* AppDelegate.h */ = {isa = PBXFileReference; lastKnownFileType = sourcecode.c.h; path = AppDelegate.h; sourceTree = "<group>"; };
		522CA96F1DD05DD30037D19B /* AppDelegate.m */ = {isa = PBXFileReference; lastKnownFileType = sourcecode.c.objc; path = AppDelegate.m; sourceTree = "<group>"; };
		522CA9711DD05DD30037D19B /* ViewController.h */ = {isa = PBXFileReference; lastKnownFileType = sourcecode.c.h; path = ViewController.h; sourceTree = "<group>"; };
		522CA9721DD05DD30037D19B /* ViewController.m */ = {isa = PBXFileReference; lastKnownFileType = sourcecode.c.objc; path = ViewController.m; sourceTree = "<group>"; };
		522CA9751DD05DD30037D19B /* Base */ = {isa = PBXFileReference; lastKnownFileType = file.storyboard; name = Base; path = Base.lproj/Main.storyboard; sourceTree = "<group>"; };
		522CA9771DD05DD30037D19B /* Assets.xcassets */ = {isa = PBXFileReference; lastKnownFileType = folder.assetcatalog; path = Assets.xcassets; sourceTree = "<group>"; };
		522CA97A1DD05DD30037D19B /* Base */ = {isa = PBXFileReference; lastKnownFileType = file.storyboard; name = Base; path = Base.lproj/LaunchScreen.storyboard; sourceTree = "<group>"; };
		522CA97C1DD05DD30037D19B /* Info.plist */ = {isa = PBXFileReference; lastKnownFileType = text.plist.xml; path = Info.plist; sourceTree = "<group>"; };
		522CA9831DD05E360037D19B /* YSAlert.h */ = {isa = PBXFileReference; fileEncoding = 4; lastKnownFileType = sourcecode.c.h; path = YSAlert.h; sourceTree = "<group>"; };
		522CA9841DD05E360037D19B /* YSAlert.m */ = {isa = PBXFileReference; fileEncoding = 4; lastKnownFileType = sourcecode.c.objc; path = YSAlert.m; sourceTree = "<group>"; };
		522CA9851DD05E360037D19B /* YSBaseAlert.h */ = {isa = PBXFileReference; fileEncoding = 4; lastKnownFileType = sourcecode.c.h; path = YSBaseAlert.h; sourceTree = "<group>"; };
		522CA9861DD05E360037D19B /* YSBaseAlert.m */ = {isa = PBXFileReference; fileEncoding = 4; lastKnownFileType = sourcecode.c.objc; path = YSBaseAlert.m; sourceTree = "<group>"; };
		52FBBFFE1DD1A4A10003BBF7 /* MASCompositeConstraint.h */ = {isa = PBXFileReference; fileEncoding = 4; lastKnownFileType = sourcecode.c.h; path = MASCompositeConstraint.h; sourceTree = "<group>"; };
		52FBBFFF1DD1A4A10003BBF7 /* MASCompositeConstraint.m */ = {isa = PBXFileReference; fileEncoding = 4; lastKnownFileType = sourcecode.c.objc; path = MASCompositeConstraint.m; sourceTree = "<group>"; };
		52FBC0001DD1A4A10003BBF7 /* MASConstraint+Private.h */ = {isa = PBXFileReference; fileEncoding = 4; lastKnownFileType = sourcecode.c.h; path = "MASConstraint+Private.h"; sourceTree = "<group>"; };
		52FBC0011DD1A4A10003BBF7 /* MASConstraint.h */ = {isa = PBXFileReference; fileEncoding = 4; lastKnownFileType = sourcecode.c.h; path = MASConstraint.h; sourceTree = "<group>"; };
		52FBC0021DD1A4A10003BBF7 /* MASConstraint.m */ = {isa = PBXFileReference; fileEncoding = 4; lastKnownFileType = sourcecode.c.objc; path = MASConstraint.m; sourceTree = "<group>"; };
		52FBC0031DD1A4A10003BBF7 /* MASConstraintMaker.h */ = {isa = PBXFileReference; fileEncoding = 4; lastKnownFileType = sourcecode.c.h; path = MASConstraintMaker.h; sourceTree = "<group>"; };
		52FBC0041DD1A4A10003BBF7 /* MASConstraintMaker.m */ = {isa = PBXFileReference; fileEncoding = 4; lastKnownFileType = sourcecode.c.objc; path = MASConstraintMaker.m; sourceTree = "<group>"; };
		52FBC0051DD1A4A10003BBF7 /* MASLayoutConstraint.h */ = {isa = PBXFileReference; fileEncoding = 4; lastKnownFileType = sourcecode.c.h; path = MASLayoutConstraint.h; sourceTree = "<group>"; };
		52FBC0061DD1A4A10003BBF7 /* MASLayoutConstraint.m */ = {isa = PBXFileReference; fileEncoding = 4; lastKnownFileType = sourcecode.c.objc; path = MASLayoutConstraint.m; sourceTree = "<group>"; };
		52FBC0071DD1A4A10003BBF7 /* Masonry.h */ = {isa = PBXFileReference; fileEncoding = 4; lastKnownFileType = sourcecode.c.h; path = Masonry.h; sourceTree = "<group>"; };
		52FBC0081DD1A4A10003BBF7 /* MASUtilities.h */ = {isa = PBXFileReference; fileEncoding = 4; lastKnownFileType = sourcecode.c.h; path = MASUtilities.h; sourceTree = "<group>"; };
		52FBC0091DD1A4A10003BBF7 /* MASViewAttribute.h */ = {isa = PBXFileReference; fileEncoding = 4; lastKnownFileType = sourcecode.c.h; path = MASViewAttribute.h; sourceTree = "<group>"; };
		52FBC00A1DD1A4A10003BBF7 /* MASViewAttribute.m */ = {isa = PBXFileReference; fileEncoding = 4; lastKnownFileType = sourcecode.c.objc; path = MASViewAttribute.m; sourceTree = "<group>"; };
		52FBC00B1DD1A4A10003BBF7 /* MASViewConstraint.h */ = {isa = PBXFileReference; fileEncoding = 4; lastKnownFileType = sourcecode.c.h; path = MASViewConstraint.h; sourceTree = "<group>"; };
		52FBC00C1DD1A4A10003BBF7 /* MASViewConstraint.m */ = {isa = PBXFileReference; fileEncoding = 4; lastKnownFileType = sourcecode.c.objc; path = MASViewConstraint.m; sourceTree = "<group>"; };
		52FBC00D1DD1A4A10003BBF7 /* NSArray+MASAdditions.h */ = {isa = PBXFileReference; fileEncoding = 4; lastKnownFileType = sourcecode.c.h; path = "NSArray+MASAdditions.h"; sourceTree = "<group>"; };
		52FBC00E1DD1A4A10003BBF7 /* NSArray+MASAdditions.m */ = {isa = PBXFileReference; fileEncoding = 4; lastKnownFileType = sourcecode.c.objc; path = "NSArray+MASAdditions.m"; sourceTree = "<group>"; };
		52FBC00F1DD1A4A10003BBF7 /* NSArray+MASShorthandAdditions.h */ = {isa = PBXFileReference; fileEncoding = 4; lastKnownFileType = sourcecode.c.h; path = "NSArray+MASShorthandAdditions.h"; sourceTree = "<group>"; };
		52FBC0101DD1A4A10003BBF7 /* NSLayoutConstraint+MASDebugAdditions.h */ = {isa = PBXFileReference; fileEncoding = 4; lastKnownFileType = sourcecode.c.h; path = "NSLayoutConstraint+MASDebugAdditions.h"; sourceTree = "<group>"; };
		52FBC0111DD1A4A10003BBF7 /* NSLayoutConstraint+MASDebugAdditions.m */ = {isa = PBXFileReference; fileEncoding = 4; lastKnownFileType = sourcecode.c.objc; path = "NSLayoutConstraint+MASDebugAdditions.m"; sourceTree = "<group>"; };
		52FBC0121DD1A4A10003BBF7 /* View+MASAdditions.h */ = {isa = PBXFileReference; fileEncoding = 4; lastKnownFileType = sourcecode.c.h; path = "View+MASAdditions.h"; sourceTree = "<group>"; };
		52FBC0131DD1A4A10003BBF7 /* View+MASAdditions.m */ = {isa = PBXFileReference; fileEncoding = 4; lastKnownFileType = sourcecode.c.objc; path = "View+MASAdditions.m"; sourceTree = "<group>"; };
		52FBC0141DD1A4A10003BBF7 /* View+MASShorthandAdditions.h */ = {isa = PBXFileReference; fileEncoding = 4; lastKnownFileType = sourcecode.c.h; path = "View+MASShorthandAdditions.h"; sourceTree = "<group>"; };
		52FBC0151DD1A4A10003BBF7 /* ViewController+MASAdditions.h */ = {isa = PBXFileReference; fileEncoding = 4; lastKnownFileType = sourcecode.c.h; path = "ViewController+MASAdditions.h"; sourceTree = "<group>"; };
		52FBC0161DD1A4A10003BBF7 /* ViewController+MASAdditions.m */ = {isa = PBXFileReference; fileEncoding = 4; lastKnownFileType = sourcecode.c.objc; path = "ViewController+MASAdditions.m"; sourceTree = "<group>"; };
/* End PBXFileReference section */

/* Begin PBXFrameworksBuildPhase section */
		522CA9651DD05DD20037D19B /* Frameworks */ = {
			isa = PBXFrameworksBuildPhase;
			buildActionMask = 2147483647;
			files = (
			);
			runOnlyForDeploymentPostprocessing = 0;
		};
/* End PBXFrameworksBuildPhase section */

/* Begin PBXGroup section */
		522CA95F1DD05DD20037D19B = {
			isa = PBXGroup;
			children = (
				522CA96A1DD05DD20037D19B /* YSBaseAlertDemo */,
				522CA9691DD05DD20037D19B /* Products */,
			);
			sourceTree = "<group>";
		};
		522CA9691DD05DD20037D19B /* Products */ = {
			isa = PBXGroup;
			children = (
				522CA9681DD05DD20037D19B /* YSBaseAlertDemo.app */,
			);
			name = Products;
			sourceTree = "<group>";
		};
		522CA96A1DD05DD20037D19B /* YSBaseAlertDemo */ = {
			isa = PBXGroup;
			children = (
				52FBBFFD1DD1A4A10003BBF7 /* Masonry */,
				522CA9821DD05E360037D19B /* Alert */,
				522CA96E1DD05DD30037D19B /* AppDelegate.h */,
				522CA96F1DD05DD30037D19B /* AppDelegate.m */,
				522CA9711DD05DD30037D19B /* ViewController.h */,
				522CA9721DD05DD30037D19B /* ViewController.m */,
				522CA9741DD05DD30037D19B /* Main.storyboard */,
				522CA9771DD05DD30037D19B /* Assets.xcassets */,
				522CA9791DD05DD30037D19B /* LaunchScreen.storyboard */,
				522CA97C1DD05DD30037D19B /* Info.plist */,
				522CA96B1DD05DD30037D19B /* Supporting Files */,
			);
			path = YSBaseAlertDemo;
			sourceTree = "<group>";
		};
		522CA96B1DD05DD30037D19B /* Supporting Files */ = {
			isa = PBXGroup;
			children = (
				522CA96C1DD05DD30037D19B /* main.m */,
			);
			name = "Supporting Files";
			sourceTree = "<group>";
		};
		522CA9821DD05E360037D19B /* Alert */ = {
			isa = PBXGroup;
			children = (
				522CA9831DD05E360037D19B /* YSAlert.h */,
				522CA9841DD05E360037D19B /* YSAlert.m */,
				522CA9851DD05E360037D19B /* YSBaseAlert.h */,
				522CA9861DD05E360037D19B /* YSBaseAlert.m */,
			);
			path = Alert;
			sourceTree = "<group>";
		};
		52FBBFFD1DD1A4A10003BBF7 /* Masonry */ = {
			isa = PBXGroup;
			children = (
				52FBBFFE1DD1A4A10003BBF7 /* MASCompositeConstraint.h */,
				52FBBFFF1DD1A4A10003BBF7 /* MASCompositeConstraint.m */,
				52FBC0001DD1A4A10003BBF7 /* MASConstraint+Private.h */,
				52FBC0011DD1A4A10003BBF7 /* MASConstraint.h */,
				52FBC0021DD1A4A10003BBF7 /* MASConstraint.m */,
				52FBC0031DD1A4A10003BBF7 /* MASConstraintMaker.h */,
				52FBC0041DD1A4A10003BBF7 /* MASConstraintMaker.m */,
				52FBC0051DD1A4A10003BBF7 /* MASLayoutConstraint.h */,
				52FBC0061DD1A4A10003BBF7 /* MASLayoutConstraint.m */,
				52FBC0071DD1A4A10003BBF7 /* Masonry.h */,
				52FBC0081DD1A4A10003BBF7 /* MASUtilities.h */,
				52FBC0091DD1A4A10003BBF7 /* MASViewAttribute.h */,
				52FBC00A1DD1A4A10003BBF7 /* MASViewAttribute.m */,
				52FBC00B1DD1A4A10003BBF7 /* MASViewConstraint.h */,
				52FBC00C1DD1A4A10003BBF7 /* MASViewConstraint.m */,
				52FBC00D1DD1A4A10003BBF7 /* NSArray+MASAdditions.h */,
				52FBC00E1DD1A4A10003BBF7 /* NSArray+MASAdditions.m */,
				52FBC00F1DD1A4A10003BBF7 /* NSArray+MASShorthandAdditions.h */,
				52FBC0101DD1A4A10003BBF7 /* NSLayoutConstraint+MASDebugAdditions.h */,
				52FBC0111DD1A4A10003BBF7 /* NSLayoutConstraint+MASDebugAdditions.m */,
				52FBC0121DD1A4A10003BBF7 /* View+MASAdditions.h */,
				52FBC0131DD1A4A10003BBF7 /* View+MASAdditions.m */,
				52FBC0141DD1A4A10003BBF7 /* View+MASShorthandAdditions.h */,
				52FBC0151DD1A4A10003BBF7 /* ViewController+MASAdditions.h */,
				52FBC0161DD1A4A10003BBF7 /* ViewController+MASAdditions.m */,
			);
			path = Masonry;
			sourceTree = "<group>";
		};
/* End PBXGroup section */

/* Begin PBXNativeTarget section */
		522CA9671DD05DD20037D19B /* YSBaseAlertDemo */ = {
			isa = PBXNativeTarget;
			buildConfigurationList = 522CA97F1DD05DD30037D19B /* Build configuration list for PBXNativeTarget "YSBaseAlertDemo" */;
			buildPhases = (
				522CA9641DD05DD20037D19B /* Sources */,
				522CA9651DD05DD20037D19B /* Frameworks */,
				522CA9661DD05DD20037D19B /* Resources */,
			);
			buildRules = (
			);
			dependencies = (
			);
			name = YSBaseAlertDemo;
			productName = YSBaseAlertDemo;
			productReference = 522CA9681DD05DD20037D19B /* YSBaseAlertDemo.app */;
			productType = "com.apple.product-type.application";
		};
/* End PBXNativeTarget section */

/* Begin PBXProject section */
		522CA9601DD05DD20037D19B /* Project object */ = {
			isa = PBXProject;
			attributes = {
				LastUpgradeCheck = 0800;
				ORGANIZATIONNAME = "张永帅";
				TargetAttributes = {
					522CA9671DD05DD20037D19B = {
						CreatedOnToolsVersion = 8.0;
						ProvisioningStyle = Automatic;
					};
				};
			};
			buildConfigurationList = 522CA9631DD05DD20037D19B /* Build configuration list for PBXProject "YSBaseAlertDemo" */;
			compatibilityVersion = "Xcode 3.2";
			developmentRegion = English;
			hasScannedForEncodings = 0;
			knownRegions = (
				en,
				Base,
			);
			mainGroup = 522CA95F1DD05DD20037D19B;
			productRefGroup = 522CA9691DD05DD20037D19B /* Products */;
			projectDirPath = "";
			projectRoot = "";
			targets = (
				522CA9671DD05DD20037D19B /* YSBaseAlertDemo */,
			);
		};
/* End PBXProject section */

/* Begin PBXResourcesBuildPhase section */
		522CA9661DD05DD20037D19B /* Resources */ = {
			isa = PBXResourcesBuildPhase;
			buildActionMask = 2147483647;
			files = (
				522CA97B1DD05DD30037D19B /* LaunchScreen.storyboard in Resources */,
				522CA9781DD05DD30037D19B /* Assets.xcassets in Resources */,
				522CA9761DD05DD30037D19B /* Main.storyboard in Resources */,
			);
			runOnlyForDeploymentPostprocessing = 0;
		};
/* End PBXResourcesBuildPhase section */

/* Begin PBXSourcesBuildPhase section */
		522CA9641DD05DD20037D19B /* Sources */ = {
			isa = PBXSourcesBuildPhase;
			buildActionMask = 2147483647;
			files = (
				52FBC01E1DD1A4A10003BBF7 /* NSLayoutConstraint+MASDebugAdditions.m in Sources */,
				522CA9871DD05E360037D19B /* YSAlert.m in Sources */,
				52FBC01C1DD1A4A10003BBF7 /* MASViewConstraint.m in Sources */,
				522CA9731DD05DD30037D19B /* ViewController.m in Sources */,
				522CA9701DD05DD30037D19B /* AppDelegate.m in Sources */,
				522CA9881DD05E360037D19B /* YSBaseAlert.m in Sources */,
				52FBC01F1DD1A4A10003BBF7 /* View+MASAdditions.m in Sources */,
				52FBC0171DD1A4A10003BBF7 /* MASCompositeConstraint.m in Sources */,
				52FBC01B1DD1A4A10003BBF7 /* MASViewAttribute.m in Sources */,
				52FBC0191DD1A4A10003BBF7 /* MASConstraintMaker.m in Sources */,
				52FBC01D1DD1A4A10003BBF7 /* NSArray+MASAdditions.m in Sources */,
				52FBC0201DD1A4A10003BBF7 /* ViewController+MASAdditions.m in Sources */,
				52FBC0181DD1A4A10003BBF7 /* MASConstraint.m in Sources */,
				52FBC01A1DD1A4A10003BBF7 /* MASLayoutConstraint.m in Sources */,
				522CA96D1DD05DD30037D19B /* main.m in Sources */,
			);
			runOnlyForDeploymentPostprocessing = 0;
		};
/* End PBXSourcesBuildPhase section */

/* Begin PBXVariantGroup section */
		522CA9741DD05DD30037D19B /* Main.storyboard */ = {
			isa = PBXVariantGroup;
			children = (
				522CA9751DD05DD30037D19B /* Base */,
			);
			name = Main.storyboard;
			sourceTree = "<group>";
		};
		522CA9791DD05DD30037D19B /* LaunchScreen.storyboard */ = {
			isa = PBXVariantGroup;
			children = (
				522CA97A1DD05DD30037D19B /* Base */,
			);
			name = LaunchScreen.storyboard;
			sourceTree = "<group>";
		};
/* End PBXVariantGroup section */

/* Begin XCBuildConfiguration section */
		522CA97D1DD05DD30037D19B /* Debug */ = {
			isa = XCBuildConfiguration;
			buildSettings = {
				ALWAYS_SEARCH_USER_PATHS = NO;
				CLANG_ANALYZER_NONNULL = YES;
				CLANG_CXX_LANGUAGE_STANDARD = "gnu++0x";
				CLANG_CXX_LIBRARY = "libc++";
				CLANG_ENABLE_MODULES = YES;
				CLANG_ENABLE_OBJC_ARC = YES;
				CLANG_WARN_BOOL_CONVERSION = YES;
				CLANG_WARN_CONSTANT_CONVERSION = YES;
				CLANG_WARN_DIRECT_OBJC_ISA_USAGE = YES_ERROR;
				CLANG_WARN_DOCUMENTATION_COMMENTS = YES;
				CLANG_WARN_EMPTY_BODY = YES;
				CLANG_WARN_ENUM_CONVERSION = YES;
				CLANG_WARN_INFINITE_RECURSION = YES;
				CLANG_WARN_INT_CONVERSION = YES;
				CLANG_WARN_OBJC_ROOT_CLASS = YES_ERROR;
				CLANG_WARN_SUSPICIOUS_MOVES = YES;
				CLANG_WARN_UNREACHABLE_CODE = YES;
				CLANG_WARN__DUPLICATE_METHOD_MATCH = YES;
				"CODE_SIGN_IDENTITY[sdk=iphoneos*]" = "iPhone Developer";
				COPY_PHASE_STRIP = NO;
				DEBUG_INFORMATION_FORMAT = dwarf;
				ENABLE_STRICT_OBJC_MSGSEND = YES;
				ENABLE_TESTABILITY = YES;
				GCC_C_LANGUAGE_STANDARD = gnu99;
				GCC_DYNAMIC_NO_PIC = NO;
				GCC_NO_COMMON_BLOCKS = YES;
				GCC_OPTIMIZATION_LEVEL = 0;
				GCC_PREPROCESSOR_DEFINITIONS = (
					"DEBUG=1",
					"$(inherited)",
				);
				GCC_WARN_64_TO_32_BIT_CONVERSION = YES;
				GCC_WARN_ABOUT_RETURN_TYPE = YES_ERROR;
				GCC_WARN_UNDECLARED_SELECTOR = YES;
				GCC_WARN_UNINITIALIZED_AUTOS = YES_AGGRESSIVE;
				GCC_WARN_UNUSED_FUNCTION = YES;
				GCC_WARN_UNUSED_VARIABLE = YES;
				IPHONEOS_DEPLOYMENT_TARGET = 10.0;
				MTL_ENABLE_DEBUG_INFO = YES;
				ONLY_ACTIVE_ARCH = YES;
				SDKROOT = iphoneos;
				TARGETED_DEVICE_FAMILY = "1,2";
			};
			name = Debug;
		};
		522CA97E1DD05DD30037D19B /* Release */ = {
			isa = XCBuildConfiguration;
			buildSettings = {
				ALWAYS_SEARCH_USER_PATHS = NO;
				CLANG_ANALYZER_NONNULL = YES;
				CLANG_CXX_LANGUAGE_STANDARD = "gnu++0x";
				CLANG_CXX_LIBRARY = "libc++";
				CLANG_ENABLE_MODULES = YES;
				CLANG_ENABLE_OBJC_ARC = YES;
				CLANG_WARN_BOOL_CONVERSION = YES;
				CLANG_WARN_CONSTANT_CONVERSION = YES;
				CLANG_WARN_DIRECT_OBJC_ISA_USAGE = YES_ERROR;
				CLANG_WARN_DOCUMENTATION_COMMENTS = YES;
				CLANG_WARN_EMPTY_BODY = YES;
				CLANG_WARN_ENUM_CONVERSION = YES;
				CLANG_WARN_INFINITE_RECURSION = YES;
				CLANG_WARN_INT_CONVERSION = YES;
				CLANG_WARN_OBJC_ROOT_CLASS = YES_ERROR;
				CLANG_WARN_SUSPICIOUS_MOVES = YES;
				CLANG_WARN_UNREACHABLE_CODE = YES;
				CLANG_WARN__DUPLICATE_METHOD_MATCH = YES;
				"CODE_SIGN_IDENTITY[sdk=iphoneos*]" = "iPhone Developer";
				COPY_PHASE_STRIP = NO;
				DEBUG_INFORMATION_FORMAT = "dwarf-with-dsym";
				ENABLE_NS_ASSERTIONS = NO;
				ENABLE_STRICT_OBJC_MSGSEND = YES;
				GCC_C_LANGUAGE_STANDARD = gnu99;
				GCC_NO_COMMON_BLOCKS = YES;
				GCC_WARN_64_TO_32_BIT_CONVERSION = YES;
				GCC_WARN_ABOUT_RETURN_TYPE = YES_ERROR;
				GCC_WARN_UNDECLARED_SELECTOR = YES;
				GCC_WARN_UNINITIALIZED_AUTOS = YES_AGGRESSIVE;
				GCC_WARN_UNUSED_FUNCTION = YES;
				GCC_WARN_UNUSED_VARIABLE = YES;
				IPHONEOS_DEPLOYMENT_TARGET = 10.0;
				MTL_ENABLE_DEBUG_INFO = NO;
				SDKROOT = iphoneos;
				TARGETED_DEVICE_FAMILY = "1,2";
				VALIDATE_PRODUCT = YES;
			};
			name = Release;
		};
		522CA9801DD05DD30037D19B /* Debug */ = {
			isa = XCBuildConfiguration;
			buildSettings = {
				ASSETCATALOG_COMPILER_APPICON_NAME = AppIcon;
				INFOPLIST_FILE = YSBaseAlertDemo/Info.plist;
				LD_RUNPATH_SEARCH_PATHS = "$(inherited) @executable_path/Frameworks";
				PRODUCT_BUNDLE_IDENTIFIER = zys.YSBaseAlertDemo;
				PRODUCT_NAME = "$(TARGET_NAME)";
			};
			name = Debug;
		};
		522CA9811DD05DD30037D19B /* Release */ = {
			isa = XCBuildConfiguration;
			buildSettings = {
				ASSETCATALOG_COMPILER_APPICON_NAME = AppIcon;
				INFOPLIST_FILE = YSBaseAlertDemo/Info.plist;
				LD_RUNPATH_SEARCH_PATHS = "$(inherited) @executable_path/Frameworks";
				PRODUCT_BUNDLE_IDENTIFIER = zys.YSBaseAlertDemo;
				PRODUCT_NAME = "$(TARGET_NAME)";
			};
			name = Release;
		};
/* End XCBuildConfiguration section */

/* Begin XCConfigurationList section */
		522CA9631DD05DD20037D19B /* Build configuration list for PBXProject "YSBaseAlertDemo" */ = {
			isa = XCConfigurationList;
			buildConfigurations = (
				522CA97D1DD05DD30037D19B /* Debug */,
				522CA97E1DD05DD30037D19B /* Release */,
			);
			defaultConfigurationIsVisible = 0;
			defaultConfigurationName = Release;
		};
		522CA97F1DD05DD30037D19B /* Build configuration list for PBXNativeTarget "YSBaseAlertDemo" */ = {
			isa = XCConfigurationList;
			buildConfigurations = (
				522CA9801DD05DD30037D19B /* Debug */,
				522CA9811DD05DD30037D19B /* Release */,
			);
			defaultConfigurationIsVisible = 0;
			defaultConfigurationName = Release;
		};
/* End XCConfigurationList section */
	};
	rootObject = 522CA9601DD05DD20037D19B /* Project object */;
}
